
Microsoft Visual Studio Solution File, Format Version 12.00
# Visual Studio Version 17
VisualStudioVersion = 17.2.32616.157
MinimumVisualStudioVersion = 10.0.40219.1
Project("{FAE04EC0-301F-11D3-BF4B-00C04F79EFBC}") = "SimpleNeuralNetwork", "SimpleNeuralNetwork\SimpleNeuralNetwork.csproj", "{A97629C9-E2DC-4E43-9058-9B1FD15AC85B}"
EndProject
Global
	GlobalSection(SolutionConfigurationPlatforms) = preSolution
		Debug|Any CPU = Debug|Any CPU
		Release|Any CPU = Release|Any CPU
	EndGlobalSection
	GlobalSection(ProjectConfigurationPlatforms) = postSolution
		{A97629C9-E2DC-4E43-9058-9B1FD15AC85B}.Debug|Any CPU.ActiveCfg = Debug|Any CPU
		{A97629C9-E2DC-4E43-9058-9B1FD15AC85B}.Debug|Any CPU.Build.0 = Debug|Any CPU
		{A97629C9-E2DC-4E43-9058-9B1FD15AC85B}.Release|Any CPU.ActiveCfg = Release|Any CPU
		{A97629C9-E2DC-4E43-9058-9B1FD15AC85B}.Release|Any CPU.Build.0 = Release|Any CPU
	EndGlobalSection
	GlobalSection(SolutionProperties) = preSolution
		HideSolutionNode = FALSE
	EndGlobalSection
	GlobalSection(ExtensibilityGlobals) = postSolution
		SolutionGuid = {C9AF6E2D-04D2-4F73-A045-AF7F1D6FB25A}
	EndGlobalSection
EndGlobal
